
Microsoft Visual Studio Solution File, Format Version 12.00
# Visual Studio Version 17
VisualStudioVersion = 17.9.34728.123
MinimumVisualStudioVersion = 10.0.40219.1
Project("{FAE04EC0-301F-11D3-BF4B-00C04F79EFBC}") = "Practice3", "Practice3.csproj", "{03A268DE-1E42-4076-9EF5-639D7A40CD86}"
EndProject
Global
	GlobalSection(SolutionConfigurationPlatforms) = preSolution
		Debug|Any CPU = Debug|Any CPU
		Release|Any CPU = Release|Any CPU
	EndGlobalSection
	GlobalSection(ProjectConfigurationPlatforms) = postSolution
		{03A268DE-1E42-4076-9EF5-639D7A40CD86}.Debug|Any CPU.ActiveCfg = Debug|Any CPU
		{03A268DE-1E42-4076-9EF5-639D7A40CD86}.Debug|Any CPU.Build.0 = Debug|Any CPU
		{03A268DE-1E42-4076-9EF5-639D7A40CD86}.Release|Any CPU.ActiveCfg = Release|Any CPU
		{03A268DE-1E42-4076-9EF5-639D7A40CD86}.Release|Any CPU.Build.0 = Release|Any CPU
	EndGlobalSection
	GlobalSection(SolutionProperties) = preSolution
		HideSolutionNode = FALSE
	EndGlobalSection
	GlobalSection(ExtensibilityGlobals) = postSolution
		SolutionGuid = {A23D671C-D093-43F6-9F6C-CF08C5015AFE}
	EndGlobalSection
EndGlobal
